
Microsoft Visual Studio Solution File, Format Version 12.00
# Visual Studio Version 17
VisualStudioVersion = 17.8.34330.188
MinimumVisualStudioVersion = 10.0.40219.1
Project("{FAE04EC0-301F-11D3-BF4B-00C04F79EFBC}") = "sofiimariaa", "sofiimariaa\sofiimariaa.csproj", "{35FF2FF6-5477-4E25-A19E-047140CB90B5}"
EndProject
Global
	GlobalSection(SolutionConfigurationPlatforms) = preSolution
		Debug|Any CPU = Debug|Any CPU
		Release|Any CPU = Release|Any CPU
	EndGlobalSection
	GlobalSection(ProjectConfigurationPlatforms) = postSolution
		{35FF2FF6-5477-4E25-A19E-047140CB90B5}.Debug|Any CPU.ActiveCfg = Debug|Any CPU
		{35FF2FF6-5477-4E25-A19E-047140CB90B5}.Debug|Any CPU.Build.0 = Debug|Any CPU
		{35FF2FF6-5477-4E25-A19E-047140CB90B5}.Release|Any CPU.ActiveCfg = Release|Any CPU
		{35FF2FF6-5477-4E25-A19E-047140CB90B5}.Release|Any CPU.Build.0 = Release|Any CPU
	EndGlobalSection
	GlobalSection(SolutionProperties) = preSolution
		HideSolutionNode = FALSE
	EndGlobalSection
	GlobalSection(ExtensibilityGlobals) = postSolution
		SolutionGuid = {B5E4A6A8-CF31-4C92-9D9C-63CFF93A06BF}
	EndGlobalSection
EndGlobal
